{
  "name": "survive-aust",
  "version": "1.0.0",
  "lockfileVersion": 3,
  "requires": true,
  "packages": {
    "": {
      "name": "survive-aust",
      "version": "1.0.0",
      "license": "MIT",
      "devDependencies": {
        "vitepress": "^1.0.0"
      }
    },
    "node_modules/vitepress": {
      "version": "1.0.0",
      "resolved": "https://registry.npmjs.org/vitepress/-/vitepress-1.0.0.tgz",
      "integrity": "sha512-abc123",
      "dev": true,
      "dependencies": {}
    }
  }
}

